
Microsoft Visual Studio Solution File, Format Version 12.00
# Visual Studio 15
VisualStudioVersion = 15.0.27703.2042
MinimumVisualStudioVersion = 10.0.40219.1
Project("{FAE04EC0-301F-11D3-BF4B-00C04F79EFBC}") = "System.Windows.Forms.ProgressDialog", "NetEx\System.Windows.Forms.ProgressDialog\System.Windows.Forms.ProgressDialog.csproj", "{DAD298FB-BB35-417C-B108-65D377ACDAEB}"
EndProject
Project("{FAE04EC0-301F-11D3-BF4B-00C04F79EFBC}") = "NetExDemo", "NetExDemo\NetExDemo\NetExDemo.csproj", "{91937276-F353-4B0A-BBA8-92FE3AD58E6D}"
EndProject
Project("{2150E333-8FDC-42A3-9474-1A3956D46DE8}") = "Solution Items", "Solution Items", "{C40E06CE-8BD0-4CD7-979E-AB9B0CAFA328}"
	ProjectSection(SolutionItems) = preProject
		Solution Items\CommonAssemblyInfo.cs = Solution Items\CommonAssemblyInfo.cs
	EndProjectSection
EndProject
Project("{2150E333-8FDC-42A3-9474-1A3956D46DE8}") = "NetEx", "NetEx", "{2A16B851-8D9C-4AE8-BDFD-6EEB4EB3BC52}"
EndProject
Project("{2150E333-8FDC-42A3-9474-1A3956D46DE8}") = "NetExDemo", "NetExDemo", "{A4BF2B01-D26A-4D67-B4C5-ECA7E507399E}"
EndProject
Project("{FAE04EC0-301F-11D3-BF4B-00C04F79EFBC}") = "System.Windows.Forms.CredentialDialog", "NetEx\System.Windows.Forms.CredentialDialog\System.Windows.Forms.CredentialDialog.csproj", "{5116D193-C76A-4E68-BD80-F9B7D55F0C0E}"
EndProject
Global
	GlobalSection(SolutionConfigurationPlatforms) = preSolution
		Debug|Any CPU = Debug|Any CPU
		Release|Any CPU = Release|Any CPU
	EndGlobalSection
	GlobalSection(ProjectConfigurationPlatforms) = postSolution
		{DAD298FB-BB35-417C-B108-65D377ACDAEB}.Debug|Any CPU.ActiveCfg = Debug|Any CPU
		{DAD298FB-BB35-417C-B108-65D377ACDAEB}.Debug|Any CPU.Build.0 = Debug|Any CPU
		{DAD298FB-BB35-417C-B108-65D377ACDAEB}.Release|Any CPU.ActiveCfg = Release|Any CPU
		{DAD298FB-BB35-417C-B108-65D377ACDAEB}.Release|Any CPU.Build.0 = Release|Any CPU
		{91937276-F353-4B0A-BBA8-92FE3AD58E6D}.Debug|Any CPU.ActiveCfg = Debug|Any CPU
		{91937276-F353-4B0A-BBA8-92FE3AD58E6D}.Debug|Any CPU.Build.0 = Debug|Any CPU
		{91937276-F353-4B0A-BBA8-92FE3AD58E6D}.Release|Any CPU.ActiveCfg = Release|Any CPU
		{91937276-F353-4B0A-BBA8-92FE3AD58E6D}.Release|Any CPU.Build.0 = Release|Any CPU
		{5116D193-C76A-4E68-BD80-F9B7D55F0C0E}.Debug|Any CPU.ActiveCfg = Debug|Any CPU
		{5116D193-C76A-4E68-BD80-F9B7D55F0C0E}.Debug|Any CPU.Build.0 = Debug|Any CPU
		{5116D193-C76A-4E68-BD80-F9B7D55F0C0E}.Release|Any CPU.ActiveCfg = Release|Any CPU
		{5116D193-C76A-4E68-BD80-F9B7D55F0C0E}.Release|Any CPU.Build.0 = Release|Any CPU
	EndGlobalSection
	GlobalSection(SolutionProperties) = preSolution
		HideSolutionNode = FALSE
	EndGlobalSection
	GlobalSection(NestedProjects) = preSolution
		{DAD298FB-BB35-417C-B108-65D377ACDAEB} = {2A16B851-8D9C-4AE8-BDFD-6EEB4EB3BC52}
		{91937276-F353-4B0A-BBA8-92FE3AD58E6D} = {A4BF2B01-D26A-4D67-B4C5-ECA7E507399E}
		{5116D193-C76A-4E68-BD80-F9B7D55F0C0E} = {2A16B851-8D9C-4AE8-BDFD-6EEB4EB3BC52}
	EndGlobalSection
	GlobalSection(ExtensibilityGlobals) = postSolution
		SolutionGuid = {4C5D94DD-DB92-4B78-8E45-AD7C6DA0516A}
	EndGlobalSection
EndGlobal
